
Microsoft Visual Studio Solution File, Format Version 12.00
# Visual Studio Version 16
VisualStudioVersion = 16.0.31911.196
MinimumVisualStudioVersion = 10.0.40219.1
Project("{FAE04EC0-301F-11D3-BF4B-00C04F79EFBC}") = "StravaExample.Android", "StravaExample\StravaExample.Android\StravaExample.Android.csproj", "{7C5E8971-83F6-4E35-A57B-F0585AF02115}"
EndProject
Project("{FAE04EC0-301F-11D3-BF4B-00C04F79EFBC}") = "StravaExample.iOS", "StravaExample\StravaExample.iOS\StravaExample.iOS.csproj", "{8BB0ED96-416A-4473-AACE-A93F8E162EBB}"
EndProject
Project("{9A19103F-16F7-4668-BE54-9A1E7A4F7556}") = "StravaExample", "StravaExample\StravaExample\StravaExample.csproj", "{21E76FBE-4B2B-4ECA-98F7-2567454FF604}"
EndProject
Project("{FAE04EC0-301F-11D3-BF4B-00C04F79EFBC}") = "StravaExampleTest", "StravaExampleTest\StravaExampleTest.csproj", "{5C294DE0-00A9-403E-BBE0-63D0352BCA25}"
EndProject
Global
	GlobalSection(SolutionConfigurationPlatforms) = preSolution
		Debug|Any CPU = Debug|Any CPU
		Debug|iPhone = Debug|iPhone
		Debug|iPhoneSimulator = Debug|iPhoneSimulator
		Release|Any CPU = Release|Any CPU
		Release|iPhone = Release|iPhone
		Release|iPhoneSimulator = Release|iPhoneSimulator
	EndGlobalSection
	GlobalSection(ProjectConfigurationPlatforms) = postSolution
		{7C5E8971-83F6-4E35-A57B-F0585AF02115}.Debug|Any CPU.ActiveCfg = Debug|Any CPU
		{7C5E8971-83F6-4E35-A57B-F0585AF02115}.Debug|Any CPU.Build.0 = Debug|Any CPU
		{7C5E8971-83F6-4E35-A57B-F0585AF02115}.Debug|Any CPU.Deploy.0 = Debug|Any CPU
		{7C5E8971-83F6-4E35-A57B-F0585AF02115}.Debug|iPhone.ActiveCfg = Debug|Any CPU
		{7C5E8971-83F6-4E35-A57B-F0585AF02115}.Debug|iPhone.Build.0 = Debug|Any CPU
		{7C5E8971-83F6-4E35-A57B-F0585AF02115}.Debug|iPhone.Deploy.0 = Debug|Any CPU
		{7C5E8971-83F6-4E35-A57B-F0585AF02115}.Debug|iPhoneSimulator.ActiveCfg = Debug|Any CPU
		{7C5E8971-83F6-4E35-A57B-F0585AF02115}.Debug|iPhoneSimulator.Build.0 = Debug|Any CPU
		{7C5E8971-83F6-4E35-A57B-F0585AF02115}.Debug|iPhoneSimulator.Deploy.0 = Debug|Any CPU
		{7C5E8971-83F6-4E35-A57B-F0585AF02115}.Release|Any CPU.ActiveCfg = Release|Any CPU
		{7C5E8971-83F6-4E35-A57B-F0585AF02115}.Release|Any CPU.Build.0 = Release|Any CPU
		{7C5E8971-83F6-4E35-A57B-F0585AF02115}.Release|Any CPU.Deploy.0 = Release|Any CPU
		{7C5E8971-83F6-4E35-A57B-F0585AF02115}.Release|iPhone.ActiveCfg = Release|Any CPU
		{7C5E8971-83F6-4E35-A57B-F0585AF02115}.Release|iPhone.Build.0 = Release|Any CPU
		{7C5E8971-83F6-4E35-A57B-F0585AF02115}.Release|iPhone.Deploy.0 = Release|Any CPU
		{7C5E8971-83F6-4E35-A57B-F0585AF02115}.Release|iPhoneSimulator.ActiveCfg = Release|Any CPU
		{7C5E8971-83F6-4E35-A57B-F0585AF02115}.Release|iPhoneSimulator.Build.0 = Release|Any CPU
		{7C5E8971-83F6-4E35-A57B-F0585AF02115}.Release|iPhoneSimulator.Deploy.0 = Release|Any CPU
		{8BB0ED96-416A-4473-AACE-A93F8E162EBB}.Debug|Any CPU.ActiveCfg = Debug|iPhone
		{8BB0ED96-416A-4473-AACE-A93F8E162EBB}.Debug|Any CPU.Build.0 = Debug|iPhone
		{8BB0ED96-416A-4473-AACE-A93F8E162EBB}.Debug|Any CPU.Deploy.0 = Debug|iPhone
		{8BB0ED96-416A-4473-AACE-A93F8E162EBB}.Debug|iPhone.ActiveCfg = Debug|iPhone
		{8BB0ED96-416A-4473-AACE-A93F8E162EBB}.Debug|iPhone.Build.0 = Debug|iPhone
		{8BB0ED96-416A-4473-AACE-A93F8E162EBB}.Debug|iPhone.Deploy.0 = Debug|iPhone
		{8BB0ED96-416A-4473-AACE-A93F8E162EBB}.Debug|iPhoneSimulator.ActiveCfg = Debug|iPhoneSimulator
		{8BB0ED96-416A-4473-AACE-A93F8E162EBB}.Debug|iPhoneSimulator.Build.0 = Debug|iPhoneSimulator
		{8BB0ED96-416A-4473-AACE-A93F8E162EBB}.Debug|iPhoneSimulator.Deploy.0 = Debug|iPhoneSimulator
		{8BB0ED96-416A-4473-AACE-A93F8E162EBB}.Release|Any CPU.ActiveCfg = Release|iPhoneSimulator
		{8BB0ED96-416A-4473-AACE-A93F8E162EBB}.Release|Any CPU.Build.0 = Release|iPhoneSimulator
		{8BB0ED96-416A-4473-AACE-A93F8E162EBB}.Release|Any CPU.Deploy.0 = Release|iPhoneSimulator
		{8BB0ED96-416A-4473-AACE-A93F8E162EBB}.Release|iPhone.ActiveCfg = Release|iPhone
		{8BB0ED96-416A-4473-AACE-A93F8E162EBB}.Release|iPhone.Build.0 = Release|iPhone
		{8BB0ED96-416A-4473-AACE-A93F8E162EBB}.Release|iPhone.Deploy.0 = Release|iPhone
		{8BB0ED96-416A-4473-AACE-A93F8E162EBB}.Release|iPhoneSimulator.ActiveCfg = Release|iPhoneSimulator
		{8BB0ED96-416A-4473-AACE-A93F8E162EBB}.Release|iPhoneSimulator.Build.0 = Release|iPhoneSimulator
		{8BB0ED96-416A-4473-AACE-A93F8E162EBB}.Release|iPhoneSimulator.Deploy.0 = Release|iPhoneSimulator
		{21E76FBE-4B2B-4ECA-98F7-2567454FF604}.Debug|Any CPU.ActiveCfg = Debug|Any CPU
		{21E76FBE-4B2B-4ECA-98F7-2567454FF604}.Debug|Any CPU.Build.0 = Debug|Any CPU
		{21E76FBE-4B2B-4ECA-98F7-2567454FF604}.Debug|Any CPU.Deploy.0 = Debug|Any CPU
		{21E76FBE-4B2B-4ECA-98F7-2567454FF604}.Debug|iPhone.ActiveCfg = Debug|Any CPU
		{21E76FBE-4B2B-4ECA-98F7-2567454FF604}.Debug|iPhone.Build.0 = Debug|Any CPU
		{21E76FBE-4B2B-4ECA-98F7-2567454FF604}.Debug|iPhone.Deploy.0 = Debug|Any CPU
		{21E76FBE-4B2B-4ECA-98F7-2567454FF604}.Debug|iPhoneSimulator.ActiveCfg = Debug|Any CPU
		{21E76FBE-4B2B-4ECA-98F7-2567454FF604}.Debug|iPhoneSimulator.Build.0 = Debug|Any CPU
		{21E76FBE-4B2B-4ECA-98F7-2567454FF604}.Debug|iPhoneSimulator.Deploy.0 = Debug|Any CPU
		{21E76FBE-4B2B-4ECA-98F7-2567454FF604}.Release|Any CPU.ActiveCfg = Release|Any CPU
		{21E76FBE-4B2B-4ECA-98F7-2567454FF604}.Release|Any CPU.Build.0 = Release|Any CPU
		{21E76FBE-4B2B-4ECA-98F7-2567454FF604}.Release|Any CPU.Deploy.0 = Release|Any CPU
		{21E76FBE-4B2B-4ECA-98F7-2567454FF604}.Release|iPhone.ActiveCfg = Release|Any CPU
		{21E76FBE-4B2B-4ECA-98F7-2567454FF604}.Release|iPhone.Build.0 = Release|Any CPU
		{21E76FBE-4B2B-4ECA-98F7-2567454FF604}.Release|iPhone.Deploy.0 = Release|Any CPU
		{21E76FBE-4B2B-4ECA-98F7-2567454FF604}.Release|iPhoneSimulator.ActiveCfg = Release|Any CPU
		{21E76FBE-4B2B-4ECA-98F7-2567454FF604}.Release|iPhoneSimulator.Build.0 = Release|Any CPU
		{21E76FBE-4B2B-4ECA-98F7-2567454FF604}.Release|iPhoneSimulator.Deploy.0 = Release|Any CPU
		{5C294DE0-00A9-403E-BBE0-63D0352BCA25}.Debug|Any CPU.ActiveCfg = Debug|Any CPU
		{5C294DE0-00A9-403E-BBE0-63D0352BCA25}.Debug|Any CPU.Build.0 = Debug|Any CPU
		{5C294DE0-00A9-403E-BBE0-63D0352BCA25}.Debug|iPhone.ActiveCfg = Debug|Any CPU
		{5C294DE0-00A9-403E-BBE0-63D0352BCA25}.Debug|iPhone.Build.0 = Debug|Any CPU
		{5C294DE0-00A9-403E-BBE0-63D0352BCA25}.Debug|iPhoneSimulator.ActiveCfg = Debug|Any CPU
		{5C294DE0-00A9-403E-BBE0-63D0352BCA25}.Debug|iPhoneSimulator.Build.0 = Debug|Any CPU
		{5C294DE0-00A9-403E-BBE0-63D0352BCA25}.Release|Any CPU.ActiveCfg = Release|Any CPU
		{5C294DE0-00A9-403E-BBE0-63D0352BCA25}.Release|Any CPU.Build.0 = Release|Any CPU
		{5C294DE0-00A9-403E-BBE0-63D0352BCA25}.Release|iPhone.ActiveCfg = Release|Any CPU
		{5C294DE0-00A9-403E-BBE0-63D0352BCA25}.Release|iPhone.Build.0 = Release|Any CPU
		{5C294DE0-00A9-403E-BBE0-63D0352BCA25}.Release|iPhoneSimulator.ActiveCfg = Release|Any CPU
		{5C294DE0-00A9-403E-BBE0-63D0352BCA25}.Release|iPhoneSimulator.Build.0 = Release|Any CPU
	EndGlobalSection
	GlobalSection(SolutionProperties) = preSolution
		HideSolutionNode = FALSE
	EndGlobalSection
	GlobalSection(ExtensibilityGlobals) = postSolution
		SolutionGuid = {82E6D2FB-5158-4838-8252-A12C9B596084}
	EndGlobalSection
EndGlobal
